
Microsoft Visual Studio Solution File, Format Version 10.00
# Visual C++ Express 2008
Project("{8BC9CEB8-8B4A-11D0-8D11-00A0C91BC942}") = "FastGomibako", "FastGomibako2008.vcproj", "{C9CE3CD6-6540-4560-BDCE-280844D13144}"
EndProject
Global
	GlobalSection(SolutionConfigurationPlatforms) = preSolution
		Debug|Win32 = Debug|Win32
		Release|Win32 = Release|Win32
		UnicodeDebug|Win32 = UnicodeDebug|Win32
		UnicodeRelease|Win32 = UnicodeRelease|Win32
	EndGlobalSection
	GlobalSection(ProjectConfigurationPlatforms) = postSolution
		{C9CE3CD6-6540-4560-BDCE-280844D13144}.Debug|Win32.ActiveCfg = Debug|Win32
		{C9CE3CD6-6540-4560-BDCE-280844D13144}.Debug|Win32.Build.0 = Debug|Win32
		{C9CE3CD6-6540-4560-BDCE-280844D13144}.Release|Win32.ActiveCfg = Release|Win32
		{C9CE3CD6-6540-4560-BDCE-280844D13144}.Release|Win32.Build.0 = Release|Win32
		{C9CE3CD6-6540-4560-BDCE-280844D13144}.UnicodeDebug|Win32.ActiveCfg = UnicodeDebug|Win32
		{C9CE3CD6-6540-4560-BDCE-280844D13144}.UnicodeDebug|Win32.Build.0 = UnicodeDebug|Win32
		{C9CE3CD6-6540-4560-BDCE-280844D13144}.UnicodeRelease|Win32.ActiveCfg = UnicodeRelease|Win32
		{C9CE3CD6-6540-4560-BDCE-280844D13144}.UnicodeRelease|Win32.Build.0 = UnicodeRelease|Win32
	EndGlobalSection
	GlobalSection(SolutionProperties) = preSolution
		HideSolutionNode = FALSE
	EndGlobalSection
EndGlobal
