<?xml version="1.0" encoding="utf-8"?>
<Project ToolsVersion="4.0" xmlns="http://schemas.microsoft.com/developer/msbuild/2003">
  <ItemGroup>
    <Filter Include="Source Files">
      <UniqueIdentifier>{8c3da580-b60e-4ecc-9035-042b4f6ff404}</UniqueIdentifier>
      <Extensions>cpp;c;cxx;rc;def;r;odl;idl;hpj;bat</Extensions>
    </Filter>
    <Filter Include="Header Files">
      <UniqueIdentifier>{20272d70-94c2-4b72-ae92-e5cceb14d11b}</UniqueIdentifier>
      <Extensions>h;hpp;hxx;hm;inl</Extensions>
    </Filter>
    <Filter Include="Resource Files">
      <UniqueIdentifier>{87a5f316-774d-402c-bd45-327ec3156129}</UniqueIdentifier>
      <Extensions>ico;cur;bmp;dlg;rc2;rct;bin;rgs;gif;jpg;jpeg;jpe</Extensions>
    </Filter>
  </ItemGroup>
  <ItemGroup>
    <ClCompile Include="..\MyUtility\CenterWindow.cpp">
      <Filter>Source Files</Filter>
    </ClCompile>
    <ClCompile Include="FastGomibako.cpp">
      <Filter>Source Files</Filter>
    </ClCompile>
    <ClCompile Include="..\MyUtility\GetLastErrorString.cpp">
      <Filter>Source Files</Filter>
    </ClCompile>
    <ClCompile Include="..\MyUtility\I18N.cpp">
      <Filter>Source Files</Filter>
    </ClCompile>
    <ClCompile Include="..\MyUtility\IsWindowsNT.cpp">
      <Filter>Source Files</Filter>
    </ClCompile>
    <ClCompile Include="MainDlgProc.cpp">
      <Filter>Source Files</Filter>
    </ClCompile>
    <ClCompile Include="..\MyUtility\OpenCommon.cpp">
      <Filter>Source Files</Filter>
    </ClCompile>
    <ClCompile Include="RetryDlgProc.cpp">
      <Filter>Source Files</Filter>
    </ClCompile>
    <ClCompile Include="..\MyUtility\SHDeleteFile.cpp">
      <Filter>Source Files</Filter>
    </ClCompile>
    <ClCompile Include="StdAfx.cpp">
      <Filter>Source Files</Filter>
    </ClCompile>
    <ClCompile Include="..\MyUtility\stdwin32\stdwin32.cpp">
      <Filter>Source Files</Filter>
    </ClCompile>
    <ClCompile Include="..\MyUtility\WritePrivateProfileInt.cpp">
      <Filter>Source Files</Filter>
    </ClCompile>
  </ItemGroup>
  <ItemGroup>
    <ResourceCompile Include="rc.rc">
      <Filter>Source Files</Filter>
    </ResourceCompile>
  </ItemGroup>
  <ItemGroup>
    <ClInclude Include="..\MyUtility\CenterWindow.h">
      <Filter>Header Files</Filter>
    </ClInclude>
    <ClInclude Include="..\MyUtility\CommandLineParser.h">
      <Filter>Header Files</Filter>
    </ClInclude>
    <ClInclude Include="CSessionGlobalMemory.h">
      <Filter>Header Files</Filter>
    </ClInclude>
    <ClInclude Include="..\MyUtility\GetLastErrorString.h">
      <Filter>Header Files</Filter>
    </ClInclude>
    <ClInclude Include="..\MyUtility\I18N.h">
      <Filter>Header Files</Filter>
    </ClInclude>
    <ClInclude Include="..\MyUtility\IsWindowsNT.h">
      <Filter>Header Files</Filter>
    </ClInclude>
    <ClInclude Include="MainDlgProc.h">
      <Filter>Header Files</Filter>
    </ClInclude>
    <ClInclude Include="..\MyUtility\OpenCommon.h">
      <Filter>Header Files</Filter>
    </ClInclude>
    <ClInclude Include="RetryDlgProc.h">
      <Filter>Header Files</Filter>
    </ClInclude>
    <ClInclude Include="StdAfx.h">
      <Filter>Header Files</Filter>
    </ClInclude>
    <ClInclude Include="..\MyUtility\stdwin32\stdwin32.h">
      <Filter>Header Files</Filter>
    </ClInclude>
    <ClInclude Include="..\MyUtility\WritePrivateProfileInt.h">
      <Filter>Header Files</Filter>
    </ClInclude>
  </ItemGroup>
  <ItemGroup>
    <Image Include="app.ico">
      <Filter>Resource Files</Filter>
    </Image>
    <Image Include="icon1.ico">
      <Filter>Resource Files</Filter>
    </Image>
  </ItemGroup>
</Project>